
Microsoft Visual Studio Solution File, Format Version 12.00
# Visual Studio Version 17
VisualStudioVersion = 17.13.35913.81
MinimumVisualStudioVersion = 10.0.40219.1
Project("{FAE04EC0-301F-11D3-BF4B-00C04F79EFBC}") = "MultiTool", "MultiTool\MultiTool.csproj", "{D7DE75F7-BB36-4A66-8100-DEEBC5572DC9}"
EndProject
Project("{FAE04EC0-301F-11D3-BF4B-00C04F79EFBC}") = "RincovitchInstaller", "RincovitchInstaller\RincovitchInstaller.csproj", "{F8F93F39-8C86-4821-A531-40DD0406F78F}"
EndProject
Project("{FAE04EC0-301F-11D3-BF4B-00C04F79EFBC}") = "RincovitchTools", "RincovitchTools\RincovitchTools.csproj", "{D922F6AB-4DDF-472E-8704-04B66CA0E315}"
EndProject
Project("{FAE04EC0-301F-11D3-BF4B-00C04F79EFBC}") = "TestConsole", "TestConsole\TestConsole.csproj", "{4B121237-9A81-4435-AFA6-FDA8FFA1C837}"
EndProject
Project("{FAE04EC0-301F-11D3-BF4B-00C04F79EFBC}") = "RincovitchApp", "RincovitchApp\RincovitchApp.csproj", "{7F786B38-2A08-4B32-98BE-337D5BA3EF3F}"
EndProject
Project("{FAE04EC0-301F-11D3-BF4B-00C04F79EFBC}") = "RincovitchInstallerApp", "RincovitchInstallerApp\RincovitchInstallerApp.csproj", "{2490308D-8D7F-48AE-A8D1-59D29C3A2819}"
EndProject
Project("{FAE04EC0-301F-11D3-BF4B-00C04F79EFBC}") = "TestWPF", "TestWPF\TestWPF.csproj", "{A449331D-67B2-4196-8191-61A8FAE797B0}"
EndProject
Project("{FAE04EC0-301F-11D3-BF4B-00C04F79EFBC}") = "TestPDF", "TestPDF\TestPDF.csproj", "{C37F4D13-BD1F-461A-985D-5286DC657058}"
EndProject
Project("{FAE04EC0-301F-11D3-BF4B-00C04F79EFBC}") = "RincovitchCAD", "RincovitchCAD\RincovitchCAD.csproj", "{D16BC853-E751-4D8B-A670-58220ADD6856}"
EndProject
Project("{FAE04EC0-301F-11D3-BF4B-00C04F79EFBC}") = "NMKApp", "NMKApp\NMKApp.csproj", "{11BEE912-7C9D-48DF-9D3E-6A532E0D251F}"
EndProject
Global
	GlobalSection(SolutionConfigurationPlatforms) = preSolution
		D2020|Any CPU = D2020|Any CPU
		D2020|x64 = D2020|x64
		D2020|x86 = D2020|x86
		D2021|Any CPU = D2021|Any CPU
		D2021|x64 = D2021|x64
		D2021|x86 = D2021|x86
		D2022|Any CPU = D2022|Any CPU
		D2022|x64 = D2022|x64
		D2022|x86 = D2022|x86
		D2023|Any CPU = D2023|Any CPU
		D2023|x64 = D2023|x64
		D2023|x86 = D2023|x86
		D2024|Any CPU = D2024|Any CPU
		D2024|x64 = D2024|x64
		D2024|x86 = D2024|x86
		D2025|Any CPU = D2025|Any CPU
		D2025|x64 = D2025|x64
		D2025|x86 = D2025|x86
		D2026|Any CPU = D2026|Any CPU
		D2026|x64 = D2026|x64
		D2026|x86 = D2026|x86
		Debug|Any CPU = Debug|Any CPU
		Debug|x64 = Debug|x64
		Debug|x86 = Debug|x86
		R2024|Any CPU = R2024|Any CPU
		R2024|x64 = R2024|x64
		R2024|x86 = R2024|x86
		R2025|Any CPU = R2025|Any CPU
		R2025|x64 = R2025|x64
		R2025|x86 = R2025|x86
		Release|Any CPU = Release|Any CPU
		Release|x64 = Release|x64
		Release|x86 = Release|x86
	EndGlobalSection
	GlobalSection(ProjectConfigurationPlatforms) = postSolution
		{D7DE75F7-BB36-4A66-8100-DEEBC5572DC9}.D2020|Any CPU.ActiveCfg = D2020|Any CPU
		{D7DE75F7-BB36-4A66-8100-DEEBC5572DC9}.D2020|Any CPU.Build.0 = D2020|Any CPU
		{D7DE75F7-BB36-4A66-8100-DEEBC5572DC9}.D2020|x64.ActiveCfg = D2020|Any CPU
		{D7DE75F7-BB36-4A66-8100-DEEBC5572DC9}.D2020|x64.Build.0 = D2020|Any CPU
		{D7DE75F7-BB36-4A66-8100-DEEBC5572DC9}.D2020|x86.ActiveCfg = D2020|Any CPU
		{D7DE75F7-BB36-4A66-8100-DEEBC5572DC9}.D2020|x86.Build.0 = D2020|Any CPU
		{D7DE75F7-BB36-4A66-8100-DEEBC5572DC9}.D2021|Any CPU.ActiveCfg = D2021|Any CPU
		{D7DE75F7-BB36-4A66-8100-DEEBC5572DC9}.D2021|Any CPU.Build.0 = D2021|Any CPU
		{D7DE75F7-BB36-4A66-8100-DEEBC5572DC9}.D2021|x64.ActiveCfg = D2021|Any CPU
		{D7DE75F7-BB36-4A66-8100-DEEBC5572DC9}.D2021|x64.Build.0 = D2021|Any CPU
		{D7DE75F7-BB36-4A66-8100-DEEBC5572DC9}.D2021|x86.ActiveCfg = D2021|Any CPU
		{D7DE75F7-BB36-4A66-8100-DEEBC5572DC9}.D2021|x86.Build.0 = D2021|Any CPU
		{D7DE75F7-BB36-4A66-8100-DEEBC5572DC9}.D2022|Any CPU.ActiveCfg = D2022|Any CPU
		{D7DE75F7-BB36-4A66-8100-DEEBC5572DC9}.D2022|Any CPU.Build.0 = D2022|Any CPU
		{D7DE75F7-BB36-4A66-8100-DEEBC5572DC9}.D2022|x64.ActiveCfg = D2022|Any CPU
		{D7DE75F7-BB36-4A66-8100-DEEBC5572DC9}.D2022|x64.Build.0 = D2022|Any CPU
		{D7DE75F7-BB36-4A66-8100-DEEBC5572DC9}.D2022|x86.ActiveCfg = D2022|Any CPU
		{D7DE75F7-BB36-4A66-8100-DEEBC5572DC9}.D2022|x86.Build.0 = D2022|Any CPU
		{D7DE75F7-BB36-4A66-8100-DEEBC5572DC9}.D2023|Any CPU.ActiveCfg = D2023|Any CPU
		{D7DE75F7-BB36-4A66-8100-DEEBC5572DC9}.D2023|Any CPU.Build.0 = D2023|Any CPU
		{D7DE75F7-BB36-4A66-8100-DEEBC5572DC9}.D2023|x64.ActiveCfg = D2023|Any CPU
		{D7DE75F7-BB36-4A66-8100-DEEBC5572DC9}.D2023|x64.Build.0 = D2023|Any CPU
		{D7DE75F7-BB36-4A66-8100-DEEBC5572DC9}.D2023|x86.ActiveCfg = D2023|Any CPU
		{D7DE75F7-BB36-4A66-8100-DEEBC5572DC9}.D2023|x86.Build.0 = D2023|Any CPU
		{D7DE75F7-BB36-4A66-8100-DEEBC5572DC9}.D2024|Any CPU.ActiveCfg = D2024|Any CPU
		{D7DE75F7-BB36-4A66-8100-DEEBC5572DC9}.D2024|Any CPU.Build.0 = D2024|Any CPU
		{D7DE75F7-BB36-4A66-8100-DEEBC5572DC9}.D2024|x64.ActiveCfg = D2024|Any CPU
		{D7DE75F7-BB36-4A66-8100-DEEBC5572DC9}.D2024|x64.Build.0 = D2024|Any CPU
		{D7DE75F7-BB36-4A66-8100-DEEBC5572DC9}.D2024|x86.ActiveCfg = D2024|Any CPU
		{D7DE75F7-BB36-4A66-8100-DEEBC5572DC9}.D2024|x86.Build.0 = D2024|Any CPU
		{D7DE75F7-BB36-4A66-8100-DEEBC5572DC9}.D2025|Any CPU.ActiveCfg = D2025|Any CPU
		{D7DE75F7-BB36-4A66-8100-DEEBC5572DC9}.D2025|Any CPU.Build.0 = D2025|Any CPU
		{D7DE75F7-BB36-4A66-8100-DEEBC5572DC9}.D2025|x64.ActiveCfg = D2025|Any CPU
		{D7DE75F7-BB36-4A66-8100-DEEBC5572DC9}.D2025|x64.Build.0 = D2025|Any CPU
		{D7DE75F7-BB36-4A66-8100-DEEBC5572DC9}.D2025|x86.ActiveCfg = D2025|Any CPU
		{D7DE75F7-BB36-4A66-8100-DEEBC5572DC9}.D2025|x86.Build.0 = D2025|Any CPU
		{D7DE75F7-BB36-4A66-8100-DEEBC5572DC9}.D2026|Any CPU.ActiveCfg = D2026|Any CPU
		{D7DE75F7-BB36-4A66-8100-DEEBC5572DC9}.D2026|Any CPU.Build.0 = D2026|Any CPU
		{D7DE75F7-BB36-4A66-8100-DEEBC5572DC9}.D2026|x64.ActiveCfg = D2026|Any CPU
		{D7DE75F7-BB36-4A66-8100-DEEBC5572DC9}.D2026|x64.Build.0 = D2026|Any CPU
		{D7DE75F7-BB36-4A66-8100-DEEBC5572DC9}.D2026|x86.ActiveCfg = D2026|Any CPU
		{D7DE75F7-BB36-4A66-8100-DEEBC5572DC9}.D2026|x86.Build.0 = D2026|Any CPU
		{D7DE75F7-BB36-4A66-8100-DEEBC5572DC9}.Debug|Any CPU.ActiveCfg = Debug|Any CPU
		{D7DE75F7-BB36-4A66-8100-DEEBC5572DC9}.Debug|Any CPU.Build.0 = Debug|Any CPU
		{D7DE75F7-BB36-4A66-8100-DEEBC5572DC9}.Debug|x64.ActiveCfg = Debug|Any CPU
		{D7DE75F7-BB36-4A66-8100-DEEBC5572DC9}.Debug|x64.Build.0 = Debug|Any CPU
		{D7DE75F7-BB36-4A66-8100-DEEBC5572DC9}.Debug|x86.ActiveCfg = Debug|Any CPU
		{D7DE75F7-BB36-4A66-8100-DEEBC5572DC9}.Debug|x86.Build.0 = Debug|Any CPU
		{D7DE75F7-BB36-4A66-8100-DEEBC5572DC9}.R2024|Any CPU.ActiveCfg = R2024|Any CPU
		{D7DE75F7-BB36-4A66-8100-DEEBC5572DC9}.R2024|Any CPU.Build.0 = R2024|Any CPU
		{D7DE75F7-BB36-4A66-8100-DEEBC5572DC9}.R2024|x64.ActiveCfg = R2024|Any CPU
		{D7DE75F7-BB36-4A66-8100-DEEBC5572DC9}.R2024|x64.Build.0 = R2024|Any CPU
		{D7DE75F7-BB36-4A66-8100-DEEBC5572DC9}.R2024|x86.ActiveCfg = R2024|Any CPU
		{D7DE75F7-BB36-4A66-8100-DEEBC5572DC9}.R2024|x86.Build.0 = R2024|Any CPU
		{D7DE75F7-BB36-4A66-8100-DEEBC5572DC9}.R2025|Any CPU.ActiveCfg = R2025|Any CPU
		{D7DE75F7-BB36-4A66-8100-DEEBC5572DC9}.R2025|Any CPU.Build.0 = R2025|Any CPU
		{D7DE75F7-BB36-4A66-8100-DEEBC5572DC9}.R2025|x64.ActiveCfg = R2025|Any CPU
		{D7DE75F7-BB36-4A66-8100-DEEBC5572DC9}.R2025|x64.Build.0 = R2025|Any CPU
		{D7DE75F7-BB36-4A66-8100-DEEBC5572DC9}.R2025|x86.ActiveCfg = R2025|Any CPU
		{D7DE75F7-BB36-4A66-8100-DEEBC5572DC9}.R2025|x86.Build.0 = R2025|Any CPU
		{D7DE75F7-BB36-4A66-8100-DEEBC5572DC9}.Release|Any CPU.ActiveCfg = Release|Any CPU
		{D7DE75F7-BB36-4A66-8100-DEEBC5572DC9}.Release|Any CPU.Build.0 = Release|Any CPU
		{D7DE75F7-BB36-4A66-8100-DEEBC5572DC9}.Release|x64.ActiveCfg = Release|Any CPU
		{D7DE75F7-BB36-4A66-8100-DEEBC5572DC9}.Release|x64.Build.0 = Release|Any CPU
		{D7DE75F7-BB36-4A66-8100-DEEBC5572DC9}.Release|x86.ActiveCfg = Release|Any CPU
		{D7DE75F7-BB36-4A66-8100-DEEBC5572DC9}.Release|x86.Build.0 = Release|Any CPU
		{F8F93F39-8C86-4821-A531-40DD0406F78F}.D2020|Any CPU.ActiveCfg = D2024|Any CPU
		{F8F93F39-8C86-4821-A531-40DD0406F78F}.D2020|Any CPU.Build.0 = D2024|Any CPU
		{F8F93F39-8C86-4821-A531-40DD0406F78F}.D2020|x64.ActiveCfg = D2020|Any CPU
		{F8F93F39-8C86-4821-A531-40DD0406F78F}.D2020|x64.Build.0 = D2020|Any CPU
		{F8F93F39-8C86-4821-A531-40DD0406F78F}.D2020|x86.ActiveCfg = D2020|Any CPU
		{F8F93F39-8C86-4821-A531-40DD0406F78F}.D2020|x86.Build.0 = D2020|Any CPU
		{F8F93F39-8C86-4821-A531-40DD0406F78F}.D2021|Any CPU.ActiveCfg = D2024|Any CPU
		{F8F93F39-8C86-4821-A531-40DD0406F78F}.D2021|Any CPU.Build.0 = D2024|Any CPU
		{F8F93F39-8C86-4821-A531-40DD0406F78F}.D2021|x64.ActiveCfg = D2021|Any CPU
		{F8F93F39-8C86-4821-A531-40DD0406F78F}.D2021|x64.Build.0 = D2021|Any CPU
		{F8F93F39-8C86-4821-A531-40DD0406F78F}.D2021|x86.ActiveCfg = D2021|Any CPU
		{F8F93F39-8C86-4821-A531-40DD0406F78F}.D2021|x86.Build.0 = D2021|Any CPU
		{F8F93F39-8C86-4821-A531-40DD0406F78F}.D2022|Any CPU.ActiveCfg = D2024|Any CPU
		{F8F93F39-8C86-4821-A531-40DD0406F78F}.D2022|Any CPU.Build.0 = D2024|Any CPU
		{F8F93F39-8C86-4821-A531-40DD0406F78F}.D2022|x64.ActiveCfg = D2022|Any CPU
		{F8F93F39-8C86-4821-A531-40DD0406F78F}.D2022|x64.Build.0 = D2022|Any CPU
		{F8F93F39-8C86-4821-A531-40DD0406F78F}.D2022|x86.ActiveCfg = D2022|Any CPU
		{F8F93F39-8C86-4821-A531-40DD0406F78F}.D2022|x86.Build.0 = D2022|Any CPU
		{F8F93F39-8C86-4821-A531-40DD0406F78F}.D2023|Any CPU.ActiveCfg = D2024|Any CPU
		{F8F93F39-8C86-4821-A531-40DD0406F78F}.D2023|Any CPU.Build.0 = D2024|Any CPU
		{F8F93F39-8C86-4821-A531-40DD0406F78F}.D2023|x64.ActiveCfg = D2023|Any CPU
		{F8F93F39-8C86-4821-A531-40DD0406F78F}.D2023|x64.Build.0 = D2023|Any CPU
		{F8F93F39-8C86-4821-A531-40DD0406F78F}.D2023|x86.ActiveCfg = D2023|Any CPU
		{F8F93F39-8C86-4821-A531-40DD0406F78F}.D2023|x86.Build.0 = D2023|Any CPU
		{F8F93F39-8C86-4821-A531-40DD0406F78F}.D2024|Any CPU.ActiveCfg = D2024|Any CPU
		{F8F93F39-8C86-4821-A531-40DD0406F78F}.D2024|Any CPU.Build.0 = D2024|Any CPU
		{F8F93F39-8C86-4821-A531-40DD0406F78F}.D2024|x64.ActiveCfg = D2024|Any CPU
		{F8F93F39-8C86-4821-A531-40DD0406F78F}.D2024|x64.Build.0 = D2024|Any CPU
		{F8F93F39-8C86-4821-A531-40DD0406F78F}.D2024|x86.ActiveCfg = D2024|Any CPU
		{F8F93F39-8C86-4821-A531-40DD0406F78F}.D2024|x86.Build.0 = D2024|Any CPU
		{F8F93F39-8C86-4821-A531-40DD0406F78F}.D2025|Any CPU.ActiveCfg = D2024|Any CPU
		{F8F93F39-8C86-4821-A531-40DD0406F78F}.D2025|Any CPU.Build.0 = D2024|Any CPU
		{F8F93F39-8C86-4821-A531-40DD0406F78F}.D2025|x64.ActiveCfg = D2025|Any CPU
		{F8F93F39-8C86-4821-A531-40DD0406F78F}.D2025|x64.Build.0 = D2025|Any CPU
		{F8F93F39-8C86-4821-A531-40DD0406F78F}.D2025|x86.ActiveCfg = D2025|Any CPU
		{F8F93F39-8C86-4821-A531-40DD0406F78F}.D2025|x86.Build.0 = D2025|Any CPU
		{F8F93F39-8C86-4821-A531-40DD0406F78F}.D2026|Any CPU.ActiveCfg = D2024|Any CPU
		{F8F93F39-8C86-4821-A531-40DD0406F78F}.D2026|Any CPU.Build.0 = D2024|Any CPU
		{F8F93F39-8C86-4821-A531-40DD0406F78F}.D2026|x64.ActiveCfg = D2026|Any CPU
		{F8F93F39-8C86-4821-A531-40DD0406F78F}.D2026|x64.Build.0 = D2026|Any CPU
		{F8F93F39-8C86-4821-A531-40DD0406F78F}.D2026|x86.ActiveCfg = D2026|Any CPU
		{F8F93F39-8C86-4821-A531-40DD0406F78F}.D2026|x86.Build.0 = D2026|Any CPU
		{F8F93F39-8C86-4821-A531-40DD0406F78F}.Debug|Any CPU.ActiveCfg = Debug|Any CPU
		{F8F93F39-8C86-4821-A531-40DD0406F78F}.Debug|Any CPU.Build.0 = Debug|Any CPU
		{F8F93F39-8C86-4821-A531-40DD0406F78F}.Debug|x64.ActiveCfg = Debug|Any CPU
		{F8F93F39-8C86-4821-A531-40DD0406F78F}.Debug|x64.Build.0 = Debug|Any CPU
		{F8F93F39-8C86-4821-A531-40DD0406F78F}.Debug|x86.ActiveCfg = Debug|Any CPU
		{F8F93F39-8C86-4821-A531-40DD0406F78F}.Debug|x86.Build.0 = Debug|Any CPU
		{F8F93F39-8C86-4821-A531-40DD0406F78F}.R2024|Any CPU.ActiveCfg = Debug|Any CPU
		{F8F93F39-8C86-4821-A531-40DD0406F78F}.R2024|Any CPU.Build.0 = Debug|Any CPU
		{F8F93F39-8C86-4821-A531-40DD0406F78F}.R2024|x64.ActiveCfg = R2024|Any CPU
		{F8F93F39-8C86-4821-A531-40DD0406F78F}.R2024|x64.Build.0 = R2024|Any CPU
		{F8F93F39-8C86-4821-A531-40DD0406F78F}.R2024|x86.ActiveCfg = R2024|Any CPU
		{F8F93F39-8C86-4821-A531-40DD0406F78F}.R2024|x86.Build.0 = R2024|Any CPU
		{F8F93F39-8C86-4821-A531-40DD0406F78F}.R2025|Any CPU.ActiveCfg = Debug|Any CPU
		{F8F93F39-8C86-4821-A531-40DD0406F78F}.R2025|Any CPU.Build.0 = Debug|Any CPU
		{F8F93F39-8C86-4821-A531-40DD0406F78F}.R2025|x64.ActiveCfg = R2025|Any CPU
		{F8F93F39-8C86-4821-A531-40DD0406F78F}.R2025|x64.Build.0 = R2025|Any CPU
		{F8F93F39-8C86-4821-A531-40DD0406F78F}.R2025|x86.ActiveCfg = R2025|Any CPU
		{F8F93F39-8C86-4821-A531-40DD0406F78F}.R2025|x86.Build.0 = R2025|Any CPU
		{F8F93F39-8C86-4821-A531-40DD0406F78F}.Release|Any CPU.ActiveCfg = Release|Any CPU
		{F8F93F39-8C86-4821-A531-40DD0406F78F}.Release|Any CPU.Build.0 = Release|Any CPU
		{F8F93F39-8C86-4821-A531-40DD0406F78F}.Release|x64.ActiveCfg = Release|Any CPU
		{F8F93F39-8C86-4821-A531-40DD0406F78F}.Release|x64.Build.0 = Release|Any CPU
		{F8F93F39-8C86-4821-A531-40DD0406F78F}.Release|x86.ActiveCfg = Release|Any CPU
		{F8F93F39-8C86-4821-A531-40DD0406F78F}.Release|x86.Build.0 = Release|Any CPU
		{D922F6AB-4DDF-472E-8704-04B66CA0E315}.D2020|Any CPU.ActiveCfg = D2020|Any CPU
		{D922F6AB-4DDF-472E-8704-04B66CA0E315}.D2020|Any CPU.Build.0 = D2020|Any CPU
		{D922F6AB-4DDF-472E-8704-04B66CA0E315}.D2020|x64.ActiveCfg = D2020|Any CPU
		{D922F6AB-4DDF-472E-8704-04B66CA0E315}.D2020|x64.Build.0 = D2020|Any CPU
		{D922F6AB-4DDF-472E-8704-04B66CA0E315}.D2020|x86.ActiveCfg = D2020|Any CPU
		{D922F6AB-4DDF-472E-8704-04B66CA0E315}.D2020|x86.Build.0 = D2020|Any CPU
		{D922F6AB-4DDF-472E-8704-04B66CA0E315}.D2021|Any CPU.ActiveCfg = D2021|Any CPU
		{D922F6AB-4DDF-472E-8704-04B66CA0E315}.D2021|Any CPU.Build.0 = D2021|Any CPU
		{D922F6AB-4DDF-472E-8704-04B66CA0E315}.D2021|x64.ActiveCfg = D2021|Any CPU
		{D922F6AB-4DDF-472E-8704-04B66CA0E315}.D2021|x64.Build.0 = D2021|Any CPU
		{D922F6AB-4DDF-472E-8704-04B66CA0E315}.D2021|x86.ActiveCfg = D2021|Any CPU
		{D922F6AB-4DDF-472E-8704-04B66CA0E315}.D2021|x86.Build.0 = D2021|Any CPU
		{D922F6AB-4DDF-472E-8704-04B66CA0E315}.D2022|Any CPU.ActiveCfg = D2022|Any CPU
		{D922F6AB-4DDF-472E-8704-04B66CA0E315}.D2022|Any CPU.Build.0 = D2022|Any CPU
		{D922F6AB-4DDF-472E-8704-04B66CA0E315}.D2022|x64.ActiveCfg = D2022|Any CPU
		{D922F6AB-4DDF-472E-8704-04B66CA0E315}.D2022|x64.Build.0 = D2022|Any CPU
		{D922F6AB-4DDF-472E-8704-04B66CA0E315}.D2022|x86.ActiveCfg = D2022|Any CPU
		{D922F6AB-4DDF-472E-8704-04B66CA0E315}.D2022|x86.Build.0 = D2022|Any CPU
		{D922F6AB-4DDF-472E-8704-04B66CA0E315}.D2023|Any CPU.ActiveCfg = D2023|Any CPU
		{D922F6AB-4DDF-472E-8704-04B66CA0E315}.D2023|Any CPU.Build.0 = D2023|Any CPU
		{D922F6AB-4DDF-472E-8704-04B66CA0E315}.D2023|x64.ActiveCfg = D2023|Any CPU
		{D922F6AB-4DDF-472E-8704-04B66CA0E315}.D2023|x64.Build.0 = D2023|Any CPU
		{D922F6AB-4DDF-472E-8704-04B66CA0E315}.D2023|x86.ActiveCfg = D2023|Any CPU
		{D922F6AB-4DDF-472E-8704-04B66CA0E315}.D2023|x86.Build.0 = D2023|Any CPU
		{D922F6AB-4DDF-472E-8704-04B66CA0E315}.D2024|Any CPU.ActiveCfg = D2024|Any CPU
		{D922F6AB-4DDF-472E-8704-04B66CA0E315}.D2024|Any CPU.Build.0 = D2024|Any CPU
		{D922F6AB-4DDF-472E-8704-04B66CA0E315}.D2024|x64.ActiveCfg = D2024|Any CPU
		{D922F6AB-4DDF-472E-8704-04B66CA0E315}.D2024|x64.Build.0 = D2024|Any CPU
		{D922F6AB-4DDF-472E-8704-04B66CA0E315}.D2024|x86.ActiveCfg = D2024|Any CPU
		{D922F6AB-4DDF-472E-8704-04B66CA0E315}.D2024|x86.Build.0 = D2024|Any CPU
		{D922F6AB-4DDF-472E-8704-04B66CA0E315}.D2025|Any CPU.ActiveCfg = D2025|Any CPU
		{D922F6AB-4DDF-472E-8704-04B66CA0E315}.D2025|Any CPU.Build.0 = D2025|Any CPU
		{D922F6AB-4DDF-472E-8704-04B66CA0E315}.D2025|x64.ActiveCfg = D2025|Any CPU
		{D922F6AB-4DDF-472E-8704-04B66CA0E315}.D2025|x64.Build.0 = D2025|Any CPU
		{D922F6AB-4DDF-472E-8704-04B66CA0E315}.D2025|x86.ActiveCfg = D2025|Any CPU
		{D922F6AB-4DDF-472E-8704-04B66CA0E315}.D2025|x86.Build.0 = D2025|Any CPU
		{D922F6AB-4DDF-472E-8704-04B66CA0E315}.D2026|Any CPU.ActiveCfg = D2026|Any CPU
		{D922F6AB-4DDF-472E-8704-04B66CA0E315}.D2026|Any CPU.Build.0 = D2026|Any CPU
		{D922F6AB-4DDF-472E-8704-04B66CA0E315}.D2026|x64.ActiveCfg = D2026|Any CPU
		{D922F6AB-4DDF-472E-8704-04B66CA0E315}.D2026|x64.Build.0 = D2026|Any CPU
		{D922F6AB-4DDF-472E-8704-04B66CA0E315}.D2026|x86.ActiveCfg = D2026|Any CPU
		{D922F6AB-4DDF-472E-8704-04B66CA0E315}.D2026|x86.Build.0 = D2026|Any CPU
		{D922F6AB-4DDF-472E-8704-04B66CA0E315}.Debug|Any CPU.ActiveCfg = Debug|Any CPU
		{D922F6AB-4DDF-472E-8704-04B66CA0E315}.Debug|Any CPU.Build.0 = Debug|Any CPU
		{D922F6AB-4DDF-472E-8704-04B66CA0E315}.Debug|x64.ActiveCfg = Debug|Any CPU
		{D922F6AB-4DDF-472E-8704-04B66CA0E315}.Debug|x64.Build.0 = Debug|Any CPU
		{D922F6AB-4DDF-472E-8704-04B66CA0E315}.Debug|x86.ActiveCfg = Debug|Any CPU
		{D922F6AB-4DDF-472E-8704-04B66CA0E315}.Debug|x86.Build.0 = Debug|Any CPU
		{D922F6AB-4DDF-472E-8704-04B66CA0E315}.R2024|Any CPU.ActiveCfg = Debug|Any CPU
		{D922F6AB-4DDF-472E-8704-04B66CA0E315}.R2024|Any CPU.Build.0 = Debug|Any CPU
		{D922F6AB-4DDF-472E-8704-04B66CA0E315}.R2024|x64.ActiveCfg = R2024|Any CPU
		{D922F6AB-4DDF-472E-8704-04B66CA0E315}.R2024|x64.Build.0 = R2024|Any CPU
		{D922F6AB-4DDF-472E-8704-04B66CA0E315}.R2024|x86.ActiveCfg = R2024|Any CPU
		{D922F6AB-4DDF-472E-8704-04B66CA0E315}.R2024|x86.Build.0 = R2024|Any CPU
		{D922F6AB-4DDF-472E-8704-04B66CA0E315}.R2025|Any CPU.ActiveCfg = Debug|Any CPU
		{D922F6AB-4DDF-472E-8704-04B66CA0E315}.R2025|Any CPU.Build.0 = Debug|Any CPU
		{D922F6AB-4DDF-472E-8704-04B66CA0E315}.R2025|x64.ActiveCfg = R2025|Any CPU
		{D922F6AB-4DDF-472E-8704-04B66CA0E315}.R2025|x64.Build.0 = R2025|Any CPU
		{D922F6AB-4DDF-472E-8704-04B66CA0E315}.R2025|x86.ActiveCfg = R2025|Any CPU
		{D922F6AB-4DDF-472E-8704-04B66CA0E315}.R2025|x86.Build.0 = R2025|Any CPU
		{D922F6AB-4DDF-472E-8704-04B66CA0E315}.Release|Any CPU.ActiveCfg = Release|Any CPU
		{D922F6AB-4DDF-472E-8704-04B66CA0E315}.Release|Any CPU.Build.0 = Release|Any CPU
		{D922F6AB-4DDF-472E-8704-04B66CA0E315}.Release|x64.ActiveCfg = Release|Any CPU
		{D922F6AB-4DDF-472E-8704-04B66CA0E315}.Release|x64.Build.0 = Release|Any CPU
		{D922F6AB-4DDF-472E-8704-04B66CA0E315}.Release|x86.ActiveCfg = Release|Any CPU
		{D922F6AB-4DDF-472E-8704-04B66CA0E315}.Release|x86.Build.0 = Release|Any CPU
		{4B121237-9A81-4435-AFA6-FDA8FFA1C837}.D2020|Any CPU.ActiveCfg = Release|Any CPU
		{4B121237-9A81-4435-AFA6-FDA8FFA1C837}.D2020|Any CPU.Build.0 = Release|Any CPU
		{4B121237-9A81-4435-AFA6-FDA8FFA1C837}.D2020|x64.ActiveCfg = D2020|Any CPU
		{4B121237-9A81-4435-AFA6-FDA8FFA1C837}.D2020|x64.Build.0 = D2020|Any CPU
		{4B121237-9A81-4435-AFA6-FDA8FFA1C837}.D2020|x86.ActiveCfg = D2020|Any CPU
		{4B121237-9A81-4435-AFA6-FDA8FFA1C837}.D2020|x86.Build.0 = D2020|Any CPU
		{4B121237-9A81-4435-AFA6-FDA8FFA1C837}.D2021|Any CPU.ActiveCfg = Release|Any CPU
		{4B121237-9A81-4435-AFA6-FDA8FFA1C837}.D2021|Any CPU.Build.0 = Release|Any CPU
		{4B121237-9A81-4435-AFA6-FDA8FFA1C837}.D2021|x64.ActiveCfg = D2021|Any CPU
		{4B121237-9A81-4435-AFA6-FDA8FFA1C837}.D2021|x64.Build.0 = D2021|Any CPU
		{4B121237-9A81-4435-AFA6-FDA8FFA1C837}.D2021|x86.ActiveCfg = D2021|Any CPU
		{4B121237-9A81-4435-AFA6-FDA8FFA1C837}.D2021|x86.Build.0 = D2021|Any CPU
		{4B121237-9A81-4435-AFA6-FDA8FFA1C837}.D2022|Any CPU.ActiveCfg = Release|Any CPU
		{4B121237-9A81-4435-AFA6-FDA8FFA1C837}.D2022|Any CPU.Build.0 = Release|Any CPU
		{4B121237-9A81-4435-AFA6-FDA8FFA1C837}.D2022|x64.ActiveCfg = D2022|Any CPU
		{4B121237-9A81-4435-AFA6-FDA8FFA1C837}.D2022|x64.Build.0 = D2022|Any CPU
		{4B121237-9A81-4435-AFA6-FDA8FFA1C837}.D2022|x86.ActiveCfg = D2022|Any CPU
		{4B121237-9A81-4435-AFA6-FDA8FFA1C837}.D2022|x86.Build.0 = D2022|Any CPU
		{4B121237-9A81-4435-AFA6-FDA8FFA1C837}.D2023|Any CPU.ActiveCfg = D2023|Any CPU
		{4B121237-9A81-4435-AFA6-FDA8FFA1C837}.D2023|Any CPU.Build.0 = D2023|Any CPU
		{4B121237-9A81-4435-AFA6-FDA8FFA1C837}.D2023|x64.ActiveCfg = D2023|Any CPU
		{4B121237-9A81-4435-AFA6-FDA8FFA1C837}.D2023|x64.Build.0 = D2023|Any CPU
		{4B121237-9A81-4435-AFA6-FDA8FFA1C837}.D2023|x86.ActiveCfg = D2023|Any CPU
		{4B121237-9A81-4435-AFA6-FDA8FFA1C837}.D2023|x86.Build.0 = D2023|Any CPU
		{4B121237-9A81-4435-AFA6-FDA8FFA1C837}.D2024|Any CPU.ActiveCfg = D2024|Any CPU
		{4B121237-9A81-4435-AFA6-FDA8FFA1C837}.D2024|Any CPU.Build.0 = D2024|Any CPU
		{4B121237-9A81-4435-AFA6-FDA8FFA1C837}.D2024|x64.ActiveCfg = D2024|Any CPU
		{4B121237-9A81-4435-AFA6-FDA8FFA1C837}.D2024|x64.Build.0 = D2024|Any CPU
		{4B121237-9A81-4435-AFA6-FDA8FFA1C837}.D2024|x86.ActiveCfg = D2024|Any CPU
		{4B121237-9A81-4435-AFA6-FDA8FFA1C837}.D2024|x86.Build.0 = D2024|Any CPU
		{4B121237-9A81-4435-AFA6-FDA8FFA1C837}.D2025|Any CPU.ActiveCfg = Release|Any CPU
		{4B121237-9A81-4435-AFA6-FDA8FFA1C837}.D2025|Any CPU.Build.0 = Release|Any CPU
		{4B121237-9A81-4435-AFA6-FDA8FFA1C837}.D2025|x64.ActiveCfg = D2025|Any CPU
		{4B121237-9A81-4435-AFA6-FDA8FFA1C837}.D2025|x64.Build.0 = D2025|Any CPU
		{4B121237-9A81-4435-AFA6-FDA8FFA1C837}.D2025|x86.ActiveCfg = D2025|Any CPU
		{4B121237-9A81-4435-AFA6-FDA8FFA1C837}.D2025|x86.Build.0 = D2025|Any CPU
		{4B121237-9A81-4435-AFA6-FDA8FFA1C837}.D2026|Any CPU.ActiveCfg = Release|Any CPU
		{4B121237-9A81-4435-AFA6-FDA8FFA1C837}.D2026|Any CPU.Build.0 = Release|Any CPU
		{4B121237-9A81-4435-AFA6-FDA8FFA1C837}.D2026|x64.ActiveCfg = D2026|Any CPU
		{4B121237-9A81-4435-AFA6-FDA8FFA1C837}.D2026|x64.Build.0 = D2026|Any CPU
		{4B121237-9A81-4435-AFA6-FDA8FFA1C837}.D2026|x86.ActiveCfg = D2026|Any CPU
		{4B121237-9A81-4435-AFA6-FDA8FFA1C837}.D2026|x86.Build.0 = D2026|Any CPU
		{4B121237-9A81-4435-AFA6-FDA8FFA1C837}.Debug|Any CPU.ActiveCfg = Debug|Any CPU
		{4B121237-9A81-4435-AFA6-FDA8FFA1C837}.Debug|Any CPU.Build.0 = Debug|Any CPU
		{4B121237-9A81-4435-AFA6-FDA8FFA1C837}.Debug|x64.ActiveCfg = Debug|Any CPU
		{4B121237-9A81-4435-AFA6-FDA8FFA1C837}.Debug|x64.Build.0 = Debug|Any CPU
		{4B121237-9A81-4435-AFA6-FDA8FFA1C837}.Debug|x86.ActiveCfg = Debug|Any CPU
		{4B121237-9A81-4435-AFA6-FDA8FFA1C837}.Debug|x86.Build.0 = Debug|Any CPU
		{4B121237-9A81-4435-AFA6-FDA8FFA1C837}.R2024|Any CPU.ActiveCfg = Debug|Any CPU
		{4B121237-9A81-4435-AFA6-FDA8FFA1C837}.R2024|Any CPU.Build.0 = Debug|Any CPU
		{4B121237-9A81-4435-AFA6-FDA8FFA1C837}.R2024|x64.ActiveCfg = R2024|Any CPU
		{4B121237-9A81-4435-AFA6-FDA8FFA1C837}.R2024|x64.Build.0 = R2024|Any CPU
		{4B121237-9A81-4435-AFA6-FDA8FFA1C837}.R2024|x86.ActiveCfg = R2024|Any CPU
		{4B121237-9A81-4435-AFA6-FDA8FFA1C837}.R2024|x86.Build.0 = R2024|Any CPU
		{4B121237-9A81-4435-AFA6-FDA8FFA1C837}.R2025|Any CPU.ActiveCfg = Debug|Any CPU
		{4B121237-9A81-4435-AFA6-FDA8FFA1C837}.R2025|Any CPU.Build.0 = Debug|Any CPU
		{4B121237-9A81-4435-AFA6-FDA8FFA1C837}.R2025|x64.ActiveCfg = R2025|Any CPU
		{4B121237-9A81-4435-AFA6-FDA8FFA1C837}.R2025|x64.Build.0 = R2025|Any CPU
		{4B121237-9A81-4435-AFA6-FDA8FFA1C837}.R2025|x86.ActiveCfg = R2025|Any CPU
		{4B121237-9A81-4435-AFA6-FDA8FFA1C837}.R2025|x86.Build.0 = R2025|Any CPU
		{4B121237-9A81-4435-AFA6-FDA8FFA1C837}.Release|Any CPU.ActiveCfg = Release|Any CPU
		{4B121237-9A81-4435-AFA6-FDA8FFA1C837}.Release|Any CPU.Build.0 = Release|Any CPU
		{4B121237-9A81-4435-AFA6-FDA8FFA1C837}.Release|x64.ActiveCfg = Release|Any CPU
		{4B121237-9A81-4435-AFA6-FDA8FFA1C837}.Release|x64.Build.0 = Release|Any CPU
		{4B121237-9A81-4435-AFA6-FDA8FFA1C837}.Release|x86.ActiveCfg = Release|Any CPU
		{4B121237-9A81-4435-AFA6-FDA8FFA1C837}.Release|x86.Build.0 = Release|Any CPU
		{7F786B38-2A08-4B32-98BE-337D5BA3EF3F}.D2020|Any CPU.ActiveCfg = Release|Any CPU
		{7F786B38-2A08-4B32-98BE-337D5BA3EF3F}.D2020|Any CPU.Build.0 = Release|Any CPU
		{7F786B38-2A08-4B32-98BE-337D5BA3EF3F}.D2020|x64.ActiveCfg = D2020|Any CPU
		{7F786B38-2A08-4B32-98BE-337D5BA3EF3F}.D2020|x64.Build.0 = D2020|Any CPU
		{7F786B38-2A08-4B32-98BE-337D5BA3EF3F}.D2020|x86.ActiveCfg = D2020|Any CPU
		{7F786B38-2A08-4B32-98BE-337D5BA3EF3F}.D2020|x86.Build.0 = D2020|Any CPU
		{7F786B38-2A08-4B32-98BE-337D5BA3EF3F}.D2021|Any CPU.ActiveCfg = Release|Any CPU
		{7F786B38-2A08-4B32-98BE-337D5BA3EF3F}.D2021|Any CPU.Build.0 = Release|Any CPU
		{7F786B38-2A08-4B32-98BE-337D5BA3EF3F}.D2021|x64.ActiveCfg = D2021|Any CPU
		{7F786B38-2A08-4B32-98BE-337D5BA3EF3F}.D2021|x64.Build.0 = D2021|Any CPU
		{7F786B38-2A08-4B32-98BE-337D5BA3EF3F}.D2021|x86.ActiveCfg = D2021|Any CPU
		{7F786B38-2A08-4B32-98BE-337D5BA3EF3F}.D2021|x86.Build.0 = D2021|Any CPU
		{7F786B38-2A08-4B32-98BE-337D5BA3EF3F}.D2022|Any CPU.ActiveCfg = Release|Any CPU
		{7F786B38-2A08-4B32-98BE-337D5BA3EF3F}.D2022|Any CPU.Build.0 = Release|Any CPU
		{7F786B38-2A08-4B32-98BE-337D5BA3EF3F}.D2022|x64.ActiveCfg = D2022|Any CPU
		{7F786B38-2A08-4B32-98BE-337D5BA3EF3F}.D2022|x64.Build.0 = D2022|Any CPU
		{7F786B38-2A08-4B32-98BE-337D5BA3EF3F}.D2022|x86.ActiveCfg = D2022|Any CPU
		{7F786B38-2A08-4B32-98BE-337D5BA3EF3F}.D2022|x86.Build.0 = D2022|Any CPU
		{7F786B38-2A08-4B32-98BE-337D5BA3EF3F}.D2023|Any CPU.ActiveCfg = Release|Any CPU
		{7F786B38-2A08-4B32-98BE-337D5BA3EF3F}.D2023|Any CPU.Build.0 = Release|Any CPU
		{7F786B38-2A08-4B32-98BE-337D5BA3EF3F}.D2023|x64.ActiveCfg = D2023|Any CPU
		{7F786B38-2A08-4B32-98BE-337D5BA3EF3F}.D2023|x64.Build.0 = D2023|Any CPU
		{7F786B38-2A08-4B32-98BE-337D5BA3EF3F}.D2023|x86.ActiveCfg = D2023|Any CPU
		{7F786B38-2A08-4B32-98BE-337D5BA3EF3F}.D2023|x86.Build.0 = D2023|Any CPU
		{7F786B38-2A08-4B32-98BE-337D5BA3EF3F}.D2024|Any CPU.ActiveCfg = Debug|Any CPU
		{7F786B38-2A08-4B32-98BE-337D5BA3EF3F}.D2024|Any CPU.Build.0 = Debug|Any CPU
		{7F786B38-2A08-4B32-98BE-337D5BA3EF3F}.D2024|x64.ActiveCfg = D2024|Any CPU
		{7F786B38-2A08-4B32-98BE-337D5BA3EF3F}.D2024|x64.Build.0 = D2024|Any CPU
		{7F786B38-2A08-4B32-98BE-337D5BA3EF3F}.D2024|x86.ActiveCfg = D2024|Any CPU
		{7F786B38-2A08-4B32-98BE-337D5BA3EF3F}.D2024|x86.Build.0 = D2024|Any CPU
		{7F786B38-2A08-4B32-98BE-337D5BA3EF3F}.D2025|Any CPU.ActiveCfg = Release|Any CPU
		{7F786B38-2A08-4B32-98BE-337D5BA3EF3F}.D2025|Any CPU.Build.0 = Release|Any CPU
		{7F786B38-2A08-4B32-98BE-337D5BA3EF3F}.D2025|x64.ActiveCfg = D2025|Any CPU
		{7F786B38-2A08-4B32-98BE-337D5BA3EF3F}.D2025|x64.Build.0 = D2025|Any CPU
		{7F786B38-2A08-4B32-98BE-337D5BA3EF3F}.D2025|x86.ActiveCfg = D2025|Any CPU
		{7F786B38-2A08-4B32-98BE-337D5BA3EF3F}.D2025|x86.Build.0 = D2025|Any CPU
		{7F786B38-2A08-4B32-98BE-337D5BA3EF3F}.D2026|Any CPU.ActiveCfg = Release|Any CPU
		{7F786B38-2A08-4B32-98BE-337D5BA3EF3F}.D2026|Any CPU.Build.0 = Release|Any CPU
		{7F786B38-2A08-4B32-98BE-337D5BA3EF3F}.D2026|x64.ActiveCfg = D2026|Any CPU
		{7F786B38-2A08-4B32-98BE-337D5BA3EF3F}.D2026|x64.Build.0 = D2026|Any CPU
		{7F786B38-2A08-4B32-98BE-337D5BA3EF3F}.D2026|x86.ActiveCfg = D2026|Any CPU
		{7F786B38-2A08-4B32-98BE-337D5BA3EF3F}.D2026|x86.Build.0 = D2026|Any CPU
		{7F786B38-2A08-4B32-98BE-337D5BA3EF3F}.Debug|Any CPU.ActiveCfg = Debug|Any CPU
		{7F786B38-2A08-4B32-98BE-337D5BA3EF3F}.Debug|Any CPU.Build.0 = Debug|Any CPU
		{7F786B38-2A08-4B32-98BE-337D5BA3EF3F}.Debug|x64.ActiveCfg = Debug|Any CPU
		{7F786B38-2A08-4B32-98BE-337D5BA3EF3F}.Debug|x64.Build.0 = Debug|Any CPU
		{7F786B38-2A08-4B32-98BE-337D5BA3EF3F}.Debug|x86.ActiveCfg = Debug|Any CPU
		{7F786B38-2A08-4B32-98BE-337D5BA3EF3F}.Debug|x86.Build.0 = Debug|Any CPU
		{7F786B38-2A08-4B32-98BE-337D5BA3EF3F}.R2024|Any CPU.ActiveCfg = Debug|Any CPU
		{7F786B38-2A08-4B32-98BE-337D5BA3EF3F}.R2024|Any CPU.Build.0 = Debug|Any CPU
		{7F786B38-2A08-4B32-98BE-337D5BA3EF3F}.R2024|x64.ActiveCfg = R2024|Any CPU
		{7F786B38-2A08-4B32-98BE-337D5BA3EF3F}.R2024|x64.Build.0 = R2024|Any CPU
		{7F786B38-2A08-4B32-98BE-337D5BA3EF3F}.R2024|x86.ActiveCfg = R2024|Any CPU
		{7F786B38-2A08-4B32-98BE-337D5BA3EF3F}.R2024|x86.Build.0 = R2024|Any CPU
		{7F786B38-2A08-4B32-98BE-337D5BA3EF3F}.R2025|Any CPU.ActiveCfg = Debug|Any CPU
		{7F786B38-2A08-4B32-98BE-337D5BA3EF3F}.R2025|Any CPU.Build.0 = Debug|Any CPU
		{7F786B38-2A08-4B32-98BE-337D5BA3EF3F}.R2025|x64.ActiveCfg = R2025|Any CPU
		{7F786B38-2A08-4B32-98BE-337D5BA3EF3F}.R2025|x64.Build.0 = R2025|Any CPU
		{7F786B38-2A08-4B32-98BE-337D5BA3EF3F}.R2025|x86.ActiveCfg = R2025|Any CPU
		{7F786B38-2A08-4B32-98BE-337D5BA3EF3F}.R2025|x86.Build.0 = R2025|Any CPU
		{7F786B38-2A08-4B32-98BE-337D5BA3EF3F}.Release|Any CPU.ActiveCfg = Release|Any CPU
		{7F786B38-2A08-4B32-98BE-337D5BA3EF3F}.Release|Any CPU.Build.0 = Release|Any CPU
		{7F786B38-2A08-4B32-98BE-337D5BA3EF3F}.Release|x64.ActiveCfg = Release|Any CPU
		{7F786B38-2A08-4B32-98BE-337D5BA3EF3F}.Release|x64.Build.0 = Release|Any CPU
		{7F786B38-2A08-4B32-98BE-337D5BA3EF3F}.Release|x86.ActiveCfg = Release|Any CPU
		{7F786B38-2A08-4B32-98BE-337D5BA3EF3F}.Release|x86.Build.0 = Release|Any CPU
		{2490308D-8D7F-48AE-A8D1-59D29C3A2819}.D2020|Any CPU.ActiveCfg = Release|Any CPU
		{2490308D-8D7F-48AE-A8D1-59D29C3A2819}.D2020|Any CPU.Build.0 = Release|Any CPU
		{2490308D-8D7F-48AE-A8D1-59D29C3A2819}.D2020|x64.ActiveCfg = D2020|Any CPU
		{2490308D-8D7F-48AE-A8D1-59D29C3A2819}.D2020|x64.Build.0 = D2020|Any CPU
		{2490308D-8D7F-48AE-A8D1-59D29C3A2819}.D2020|x86.ActiveCfg = D2020|Any CPU
		{2490308D-8D7F-48AE-A8D1-59D29C3A2819}.D2020|x86.Build.0 = D2020|Any CPU
		{2490308D-8D7F-48AE-A8D1-59D29C3A2819}.D2021|Any CPU.ActiveCfg = Release|Any CPU
		{2490308D-8D7F-48AE-A8D1-59D29C3A2819}.D2021|Any CPU.Build.0 = Release|Any CPU
		{2490308D-8D7F-48AE-A8D1-59D29C3A2819}.D2021|x64.ActiveCfg = D2021|Any CPU
		{2490308D-8D7F-48AE-A8D1-59D29C3A2819}.D2021|x64.Build.0 = D2021|Any CPU
		{2490308D-8D7F-48AE-A8D1-59D29C3A2819}.D2021|x86.ActiveCfg = D2021|Any CPU
		{2490308D-8D7F-48AE-A8D1-59D29C3A2819}.D2021|x86.Build.0 = D2021|Any CPU
		{2490308D-8D7F-48AE-A8D1-59D29C3A2819}.D2022|Any CPU.ActiveCfg = Release|Any CPU
		{2490308D-8D7F-48AE-A8D1-59D29C3A2819}.D2022|Any CPU.Build.0 = Release|Any CPU
		{2490308D-8D7F-48AE-A8D1-59D29C3A2819}.D2022|x64.ActiveCfg = D2022|Any CPU
		{2490308D-8D7F-48AE-A8D1-59D29C3A2819}.D2022|x64.Build.0 = D2022|Any CPU
		{2490308D-8D7F-48AE-A8D1-59D29C3A2819}.D2022|x86.ActiveCfg = D2022|Any CPU
		{2490308D-8D7F-48AE-A8D1-59D29C3A2819}.D2022|x86.Build.0 = D2022|Any CPU
		{2490308D-8D7F-48AE-A8D1-59D29C3A2819}.D2023|Any CPU.ActiveCfg = Release|Any CPU
		{2490308D-8D7F-48AE-A8D1-59D29C3A2819}.D2023|Any CPU.Build.0 = Release|Any CPU
		{2490308D-8D7F-48AE-A8D1-59D29C3A2819}.D2023|x64.ActiveCfg = D2023|Any CPU
		{2490308D-8D7F-48AE-A8D1-59D29C3A2819}.D2023|x64.Build.0 = D2023|Any CPU
		{2490308D-8D7F-48AE-A8D1-59D29C3A2819}.D2023|x86.ActiveCfg = D2023|Any CPU
		{2490308D-8D7F-48AE-A8D1-59D29C3A2819}.D2023|x86.Build.0 = D2023|Any CPU
		{2490308D-8D7F-48AE-A8D1-59D29C3A2819}.D2024|Any CPU.ActiveCfg = Release|Any CPU
		{2490308D-8D7F-48AE-A8D1-59D29C3A2819}.D2024|Any CPU.Build.0 = Release|Any CPU
		{2490308D-8D7F-48AE-A8D1-59D29C3A2819}.D2024|x64.ActiveCfg = D2024|Any CPU
		{2490308D-8D7F-48AE-A8D1-59D29C3A2819}.D2024|x64.Build.0 = D2024|Any CPU
		{2490308D-8D7F-48AE-A8D1-59D29C3A2819}.D2024|x86.ActiveCfg = D2024|Any CPU
		{2490308D-8D7F-48AE-A8D1-59D29C3A2819}.D2024|x86.Build.0 = D2024|Any CPU
		{2490308D-8D7F-48AE-A8D1-59D29C3A2819}.D2025|Any CPU.ActiveCfg = Release|Any CPU
		{2490308D-8D7F-48AE-A8D1-59D29C3A2819}.D2025|Any CPU.Build.0 = Release|Any CPU
		{2490308D-8D7F-48AE-A8D1-59D29C3A2819}.D2025|x64.ActiveCfg = D2025|Any CPU
		{2490308D-8D7F-48AE-A8D1-59D29C3A2819}.D2025|x64.Build.0 = D2025|Any CPU
		{2490308D-8D7F-48AE-A8D1-59D29C3A2819}.D2025|x86.ActiveCfg = D2025|Any CPU
		{2490308D-8D7F-48AE-A8D1-59D29C3A2819}.D2025|x86.Build.0 = D2025|Any CPU
		{2490308D-8D7F-48AE-A8D1-59D29C3A2819}.D2026|Any CPU.ActiveCfg = Release|Any CPU
		{2490308D-8D7F-48AE-A8D1-59D29C3A2819}.D2026|Any CPU.Build.0 = Release|Any CPU
		{2490308D-8D7F-48AE-A8D1-59D29C3A2819}.D2026|x64.ActiveCfg = D2026|Any CPU
		{2490308D-8D7F-48AE-A8D1-59D29C3A2819}.D2026|x64.Build.0 = D2026|Any CPU
		{2490308D-8D7F-48AE-A8D1-59D29C3A2819}.D2026|x86.ActiveCfg = D2026|Any CPU
		{2490308D-8D7F-48AE-A8D1-59D29C3A2819}.D2026|x86.Build.0 = D2026|Any CPU
		{2490308D-8D7F-48AE-A8D1-59D29C3A2819}.Debug|Any CPU.ActiveCfg = Debug|Any CPU
		{2490308D-8D7F-48AE-A8D1-59D29C3A2819}.Debug|Any CPU.Build.0 = Debug|Any CPU
		{2490308D-8D7F-48AE-A8D1-59D29C3A2819}.Debug|x64.ActiveCfg = Debug|Any CPU
		{2490308D-8D7F-48AE-A8D1-59D29C3A2819}.Debug|x64.Build.0 = Debug|Any CPU
		{2490308D-8D7F-48AE-A8D1-59D29C3A2819}.Debug|x86.ActiveCfg = Debug|Any CPU
		{2490308D-8D7F-48AE-A8D1-59D29C3A2819}.Debug|x86.Build.0 = Debug|Any CPU
		{2490308D-8D7F-48AE-A8D1-59D29C3A2819}.R2024|Any CPU.ActiveCfg = Debug|Any CPU
		{2490308D-8D7F-48AE-A8D1-59D29C3A2819}.R2024|Any CPU.Build.0 = Debug|Any CPU
		{2490308D-8D7F-48AE-A8D1-59D29C3A2819}.R2024|x64.ActiveCfg = R2024|Any CPU
		{2490308D-8D7F-48AE-A8D1-59D29C3A2819}.R2024|x64.Build.0 = R2024|Any CPU
		{2490308D-8D7F-48AE-A8D1-59D29C3A2819}.R2024|x86.ActiveCfg = R2024|Any CPU
		{2490308D-8D7F-48AE-A8D1-59D29C3A2819}.R2024|x86.Build.0 = R2024|Any CPU
		{2490308D-8D7F-48AE-A8D1-59D29C3A2819}.R2025|Any CPU.ActiveCfg = Debug|Any CPU
		{2490308D-8D7F-48AE-A8D1-59D29C3A2819}.R2025|Any CPU.Build.0 = Debug|Any CPU
		{2490308D-8D7F-48AE-A8D1-59D29C3A2819}.R2025|x64.ActiveCfg = R2025|Any CPU
		{2490308D-8D7F-48AE-A8D1-59D29C3A2819}.R2025|x64.Build.0 = R2025|Any CPU
		{2490308D-8D7F-48AE-A8D1-59D29C3A2819}.R2025|x86.ActiveCfg = R2025|Any CPU
		{2490308D-8D7F-48AE-A8D1-59D29C3A2819}.R2025|x86.Build.0 = R2025|Any CPU
		{2490308D-8D7F-48AE-A8D1-59D29C3A2819}.Release|Any CPU.ActiveCfg = Release|Any CPU
		{2490308D-8D7F-48AE-A8D1-59D29C3A2819}.Release|Any CPU.Build.0 = Release|Any CPU
		{2490308D-8D7F-48AE-A8D1-59D29C3A2819}.Release|x64.ActiveCfg = Release|Any CPU
		{2490308D-8D7F-48AE-A8D1-59D29C3A2819}.Release|x64.Build.0 = Release|Any CPU
		{2490308D-8D7F-48AE-A8D1-59D29C3A2819}.Release|x86.ActiveCfg = Release|Any CPU
		{2490308D-8D7F-48AE-A8D1-59D29C3A2819}.Release|x86.Build.0 = Release|Any CPU
		{A449331D-67B2-4196-8191-61A8FAE797B0}.D2020|Any CPU.ActiveCfg = Release|Any CPU
		{A449331D-67B2-4196-8191-61A8FAE797B0}.D2020|Any CPU.Build.0 = Release|Any CPU
		{A449331D-67B2-4196-8191-61A8FAE797B0}.D2020|x64.ActiveCfg = D2020|Any CPU
		{A449331D-67B2-4196-8191-61A8FAE797B0}.D2020|x64.Build.0 = D2020|Any CPU
		{A449331D-67B2-4196-8191-61A8FAE797B0}.D2020|x86.ActiveCfg = D2020|Any CPU
		{A449331D-67B2-4196-8191-61A8FAE797B0}.D2020|x86.Build.0 = D2020|Any CPU
		{A449331D-67B2-4196-8191-61A8FAE797B0}.D2021|Any CPU.ActiveCfg = Release|Any CPU
		{A449331D-67B2-4196-8191-61A8FAE797B0}.D2021|Any CPU.Build.0 = Release|Any CPU
		{A449331D-67B2-4196-8191-61A8FAE797B0}.D2021|x64.ActiveCfg = D2021|Any CPU
		{A449331D-67B2-4196-8191-61A8FAE797B0}.D2021|x64.Build.0 = D2021|Any CPU
		{A449331D-67B2-4196-8191-61A8FAE797B0}.D2021|x86.ActiveCfg = D2021|Any CPU
		{A449331D-67B2-4196-8191-61A8FAE797B0}.D2021|x86.Build.0 = D2021|Any CPU
		{A449331D-67B2-4196-8191-61A8FAE797B0}.D2022|Any CPU.ActiveCfg = Release|Any CPU
		{A449331D-67B2-4196-8191-61A8FAE797B0}.D2022|Any CPU.Build.0 = Release|Any CPU
		{A449331D-67B2-4196-8191-61A8FAE797B0}.D2022|x64.ActiveCfg = D2022|Any CPU
		{A449331D-67B2-4196-8191-61A8FAE797B0}.D2022|x64.Build.0 = D2022|Any CPU
		{A449331D-67B2-4196-8191-61A8FAE797B0}.D2022|x86.ActiveCfg = D2022|Any CPU
		{A449331D-67B2-4196-8191-61A8FAE797B0}.D2022|x86.Build.0 = D2022|Any CPU
		{A449331D-67B2-4196-8191-61A8FAE797B0}.D2023|Any CPU.ActiveCfg = Release|Any CPU
		{A449331D-67B2-4196-8191-61A8FAE797B0}.D2023|Any CPU.Build.0 = Release|Any CPU
		{A449331D-67B2-4196-8191-61A8FAE797B0}.D2023|x64.ActiveCfg = D2023|Any CPU
		{A449331D-67B2-4196-8191-61A8FAE797B0}.D2023|x64.Build.0 = D2023|Any CPU
		{A449331D-67B2-4196-8191-61A8FAE797B0}.D2023|x86.ActiveCfg = D2023|Any CPU
		{A449331D-67B2-4196-8191-61A8FAE797B0}.D2023|x86.Build.0 = D2023|Any CPU
		{A449331D-67B2-4196-8191-61A8FAE797B0}.D2024|Any CPU.ActiveCfg = Release|Any CPU
		{A449331D-67B2-4196-8191-61A8FAE797B0}.D2024|Any CPU.Build.0 = Release|Any CPU
		{A449331D-67B2-4196-8191-61A8FAE797B0}.D2024|x64.ActiveCfg = D2024|Any CPU
		{A449331D-67B2-4196-8191-61A8FAE797B0}.D2024|x64.Build.0 = D2024|Any CPU
		{A449331D-67B2-4196-8191-61A8FAE797B0}.D2024|x86.ActiveCfg = D2024|Any CPU
		{A449331D-67B2-4196-8191-61A8FAE797B0}.D2024|x86.Build.0 = D2024|Any CPU
		{A449331D-67B2-4196-8191-61A8FAE797B0}.D2025|Any CPU.ActiveCfg = Release|Any CPU
		{A449331D-67B2-4196-8191-61A8FAE797B0}.D2025|Any CPU.Build.0 = Release|Any CPU
		{A449331D-67B2-4196-8191-61A8FAE797B0}.D2025|x64.ActiveCfg = D2025|Any CPU
		{A449331D-67B2-4196-8191-61A8FAE797B0}.D2025|x64.Build.0 = D2025|Any CPU
		{A449331D-67B2-4196-8191-61A8FAE797B0}.D2025|x86.ActiveCfg = D2025|Any CPU
		{A449331D-67B2-4196-8191-61A8FAE797B0}.D2025|x86.Build.0 = D2025|Any CPU
		{A449331D-67B2-4196-8191-61A8FAE797B0}.D2026|Any CPU.ActiveCfg = Release|Any CPU
		{A449331D-67B2-4196-8191-61A8FAE797B0}.D2026|Any CPU.Build.0 = Release|Any CPU
		{A449331D-67B2-4196-8191-61A8FAE797B0}.D2026|x64.ActiveCfg = D2026|Any CPU
		{A449331D-67B2-4196-8191-61A8FAE797B0}.D2026|x64.Build.0 = D2026|Any CPU
		{A449331D-67B2-4196-8191-61A8FAE797B0}.D2026|x86.ActiveCfg = D2026|Any CPU
		{A449331D-67B2-4196-8191-61A8FAE797B0}.D2026|x86.Build.0 = D2026|Any CPU
		{A449331D-67B2-4196-8191-61A8FAE797B0}.Debug|Any CPU.ActiveCfg = Debug|Any CPU
		{A449331D-67B2-4196-8191-61A8FAE797B0}.Debug|Any CPU.Build.0 = Debug|Any CPU
		{A449331D-67B2-4196-8191-61A8FAE797B0}.Debug|x64.ActiveCfg = Debug|Any CPU
		{A449331D-67B2-4196-8191-61A8FAE797B0}.Debug|x64.Build.0 = Debug|Any CPU
		{A449331D-67B2-4196-8191-61A8FAE797B0}.Debug|x86.ActiveCfg = Debug|Any CPU
		{A449331D-67B2-4196-8191-61A8FAE797B0}.Debug|x86.Build.0 = Debug|Any CPU
		{A449331D-67B2-4196-8191-61A8FAE797B0}.R2024|Any CPU.ActiveCfg = Debug|Any CPU
		{A449331D-67B2-4196-8191-61A8FAE797B0}.R2024|Any CPU.Build.0 = Debug|Any CPU
		{A449331D-67B2-4196-8191-61A8FAE797B0}.R2024|x64.ActiveCfg = R2024|Any CPU
		{A449331D-67B2-4196-8191-61A8FAE797B0}.R2024|x64.Build.0 = R2024|Any CPU
		{A449331D-67B2-4196-8191-61A8FAE797B0}.R2024|x86.ActiveCfg = R2024|Any CPU
		{A449331D-67B2-4196-8191-61A8FAE797B0}.R2024|x86.Build.0 = R2024|Any CPU
		{A449331D-67B2-4196-8191-61A8FAE797B0}.R2025|Any CPU.ActiveCfg = Debug|Any CPU
		{A449331D-67B2-4196-8191-61A8FAE797B0}.R2025|Any CPU.Build.0 = Debug|Any CPU
		{A449331D-67B2-4196-8191-61A8FAE797B0}.R2025|x64.ActiveCfg = R2025|Any CPU
		{A449331D-67B2-4196-8191-61A8FAE797B0}.R2025|x64.Build.0 = R2025|Any CPU
		{A449331D-67B2-4196-8191-61A8FAE797B0}.R2025|x86.ActiveCfg = R2025|Any CPU
		{A449331D-67B2-4196-8191-61A8FAE797B0}.R2025|x86.Build.0 = R2025|Any CPU
		{A449331D-67B2-4196-8191-61A8FAE797B0}.Release|Any CPU.ActiveCfg = Release|Any CPU
		{A449331D-67B2-4196-8191-61A8FAE797B0}.Release|Any CPU.Build.0 = Release|Any CPU
		{A449331D-67B2-4196-8191-61A8FAE797B0}.Release|x64.ActiveCfg = Release|Any CPU
		{A449331D-67B2-4196-8191-61A8FAE797B0}.Release|x64.Build.0 = Release|Any CPU
		{A449331D-67B2-4196-8191-61A8FAE797B0}.Release|x86.ActiveCfg = Release|Any CPU
		{A449331D-67B2-4196-8191-61A8FAE797B0}.Release|x86.Build.0 = Release|Any CPU
		{C37F4D13-BD1F-461A-985D-5286DC657058}.D2020|Any CPU.ActiveCfg = Release|Any CPU
		{C37F4D13-BD1F-461A-985D-5286DC657058}.D2020|Any CPU.Build.0 = Release|Any CPU
		{C37F4D13-BD1F-461A-985D-5286DC657058}.D2020|x64.ActiveCfg = D2020|Any CPU
		{C37F4D13-BD1F-461A-985D-5286DC657058}.D2020|x64.Build.0 = D2020|Any CPU
		{C37F4D13-BD1F-461A-985D-5286DC657058}.D2020|x86.ActiveCfg = D2020|Any CPU
		{C37F4D13-BD1F-461A-985D-5286DC657058}.D2020|x86.Build.0 = D2020|Any CPU
		{C37F4D13-BD1F-461A-985D-5286DC657058}.D2021|Any CPU.ActiveCfg = Release|Any CPU
		{C37F4D13-BD1F-461A-985D-5286DC657058}.D2021|Any CPU.Build.0 = Release|Any CPU
		{C37F4D13-BD1F-461A-985D-5286DC657058}.D2021|x64.ActiveCfg = D2021|Any CPU
		{C37F4D13-BD1F-461A-985D-5286DC657058}.D2021|x64.Build.0 = D2021|Any CPU
		{C37F4D13-BD1F-461A-985D-5286DC657058}.D2021|x86.ActiveCfg = D2021|Any CPU
		{C37F4D13-BD1F-461A-985D-5286DC657058}.D2021|x86.Build.0 = D2021|Any CPU
		{C37F4D13-BD1F-461A-985D-5286DC657058}.D2022|Any CPU.ActiveCfg = Release|Any CPU
		{C37F4D13-BD1F-461A-985D-5286DC657058}.D2022|Any CPU.Build.0 = Release|Any CPU
		{C37F4D13-BD1F-461A-985D-5286DC657058}.D2022|x64.ActiveCfg = D2022|Any CPU
		{C37F4D13-BD1F-461A-985D-5286DC657058}.D2022|x64.Build.0 = D2022|Any CPU
		{C37F4D13-BD1F-461A-985D-5286DC657058}.D2022|x86.ActiveCfg = D2022|Any CPU
		{C37F4D13-BD1F-461A-985D-5286DC657058}.D2022|x86.Build.0 = D2022|Any CPU
		{C37F4D13-BD1F-461A-985D-5286DC657058}.D2023|Any CPU.ActiveCfg = Release|Any CPU
		{C37F4D13-BD1F-461A-985D-5286DC657058}.D2023|Any CPU.Build.0 = Release|Any CPU
		{C37F4D13-BD1F-461A-985D-5286DC657058}.D2023|x64.ActiveCfg = D2023|Any CPU
		{C37F4D13-BD1F-461A-985D-5286DC657058}.D2023|x64.Build.0 = D2023|Any CPU
		{C37F4D13-BD1F-461A-985D-5286DC657058}.D2023|x86.ActiveCfg = D2023|Any CPU
		{C37F4D13-BD1F-461A-985D-5286DC657058}.D2023|x86.Build.0 = D2023|Any CPU
		{C37F4D13-BD1F-461A-985D-5286DC657058}.D2024|Any CPU.ActiveCfg = Release|Any CPU
		{C37F4D13-BD1F-461A-985D-5286DC657058}.D2024|Any CPU.Build.0 = Release|Any CPU
		{C37F4D13-BD1F-461A-985D-5286DC657058}.D2024|x64.ActiveCfg = D2024|Any CPU
		{C37F4D13-BD1F-461A-985D-5286DC657058}.D2024|x64.Build.0 = D2024|Any CPU
		{C37F4D13-BD1F-461A-985D-5286DC657058}.D2024|x86.ActiveCfg = D2024|Any CPU
		{C37F4D13-BD1F-461A-985D-5286DC657058}.D2024|x86.Build.0 = D2024|Any CPU
		{C37F4D13-BD1F-461A-985D-5286DC657058}.D2025|Any CPU.ActiveCfg = Release|Any CPU
		{C37F4D13-BD1F-461A-985D-5286DC657058}.D2025|Any CPU.Build.0 = Release|Any CPU
		{C37F4D13-BD1F-461A-985D-5286DC657058}.D2025|x64.ActiveCfg = D2025|Any CPU
		{C37F4D13-BD1F-461A-985D-5286DC657058}.D2025|x64.Build.0 = D2025|Any CPU
		{C37F4D13-BD1F-461A-985D-5286DC657058}.D2025|x86.ActiveCfg = D2025|Any CPU
		{C37F4D13-BD1F-461A-985D-5286DC657058}.D2025|x86.Build.0 = D2025|Any CPU
		{C37F4D13-BD1F-461A-985D-5286DC657058}.D2026|Any CPU.ActiveCfg = Release|Any CPU
		{C37F4D13-BD1F-461A-985D-5286DC657058}.D2026|Any CPU.Build.0 = Release|Any CPU
		{C37F4D13-BD1F-461A-985D-5286DC657058}.D2026|x64.ActiveCfg = D2026|Any CPU
		{C37F4D13-BD1F-461A-985D-5286DC657058}.D2026|x64.Build.0 = D2026|Any CPU
		{C37F4D13-BD1F-461A-985D-5286DC657058}.D2026|x86.ActiveCfg = D2026|Any CPU
		{C37F4D13-BD1F-461A-985D-5286DC657058}.D2026|x86.Build.0 = D2026|Any CPU
		{C37F4D13-BD1F-461A-985D-5286DC657058}.Debug|Any CPU.ActiveCfg = Debug|Any CPU
		{C37F4D13-BD1F-461A-985D-5286DC657058}.Debug|Any CPU.Build.0 = Debug|Any CPU
		{C37F4D13-BD1F-461A-985D-5286DC657058}.Debug|x64.ActiveCfg = Debug|Any CPU
		{C37F4D13-BD1F-461A-985D-5286DC657058}.Debug|x64.Build.0 = Debug|Any CPU
		{C37F4D13-BD1F-461A-985D-5286DC657058}.Debug|x86.ActiveCfg = Debug|Any CPU
		{C37F4D13-BD1F-461A-985D-5286DC657058}.Debug|x86.Build.0 = Debug|Any CPU
		{C37F4D13-BD1F-461A-985D-5286DC657058}.R2024|Any CPU.ActiveCfg = Debug|Any CPU
		{C37F4D13-BD1F-461A-985D-5286DC657058}.R2024|Any CPU.Build.0 = Debug|Any CPU
		{C37F4D13-BD1F-461A-985D-5286DC657058}.R2024|x64.ActiveCfg = R2024|Any CPU
		{C37F4D13-BD1F-461A-985D-5286DC657058}.R2024|x64.Build.0 = R2024|Any CPU
		{C37F4D13-BD1F-461A-985D-5286DC657058}.R2024|x86.ActiveCfg = R2024|Any CPU
		{C37F4D13-BD1F-461A-985D-5286DC657058}.R2024|x86.Build.0 = R2024|Any CPU
		{C37F4D13-BD1F-461A-985D-5286DC657058}.R2025|Any CPU.ActiveCfg = Debug|Any CPU
		{C37F4D13-BD1F-461A-985D-5286DC657058}.R2025|Any CPU.Build.0 = Debug|Any CPU
		{C37F4D13-BD1F-461A-985D-5286DC657058}.R2025|x64.ActiveCfg = R2025|Any CPU
		{C37F4D13-BD1F-461A-985D-5286DC657058}.R2025|x64.Build.0 = R2025|Any CPU
		{C37F4D13-BD1F-461A-985D-5286DC657058}.R2025|x86.ActiveCfg = R2025|Any CPU
		{C37F4D13-BD1F-461A-985D-5286DC657058}.R2025|x86.Build.0 = R2025|Any CPU
		{C37F4D13-BD1F-461A-985D-5286DC657058}.Release|Any CPU.ActiveCfg = Release|Any CPU
		{C37F4D13-BD1F-461A-985D-5286DC657058}.Release|Any CPU.Build.0 = Release|Any CPU
		{C37F4D13-BD1F-461A-985D-5286DC657058}.Release|x64.ActiveCfg = Release|Any CPU
		{C37F4D13-BD1F-461A-985D-5286DC657058}.Release|x64.Build.0 = Release|Any CPU
		{C37F4D13-BD1F-461A-985D-5286DC657058}.Release|x86.ActiveCfg = Release|Any CPU
		{C37F4D13-BD1F-461A-985D-5286DC657058}.Release|x86.Build.0 = Release|Any CPU
		{D16BC853-E751-4D8B-A670-58220ADD6856}.D2020|Any CPU.ActiveCfg = Release|Any CPU
		{D16BC853-E751-4D8B-A670-58220ADD6856}.D2020|Any CPU.Build.0 = Release|Any CPU
		{D16BC853-E751-4D8B-A670-58220ADD6856}.D2020|x64.ActiveCfg = D2020|Any CPU
		{D16BC853-E751-4D8B-A670-58220ADD6856}.D2020|x64.Build.0 = D2020|Any CPU
		{D16BC853-E751-4D8B-A670-58220ADD6856}.D2020|x86.ActiveCfg = D2020|Any CPU
		{D16BC853-E751-4D8B-A670-58220ADD6856}.D2020|x86.Build.0 = D2020|Any CPU
		{D16BC853-E751-4D8B-A670-58220ADD6856}.D2021|Any CPU.ActiveCfg = Release|Any CPU
		{D16BC853-E751-4D8B-A670-58220ADD6856}.D2021|Any CPU.Build.0 = Release|Any CPU
		{D16BC853-E751-4D8B-A670-58220ADD6856}.D2021|x64.ActiveCfg = D2021|Any CPU
		{D16BC853-E751-4D8B-A670-58220ADD6856}.D2021|x64.Build.0 = D2021|Any CPU
		{D16BC853-E751-4D8B-A670-58220ADD6856}.D2021|x86.ActiveCfg = D2021|Any CPU
		{D16BC853-E751-4D8B-A670-58220ADD6856}.D2021|x86.Build.0 = D2021|Any CPU
		{D16BC853-E751-4D8B-A670-58220ADD6856}.D2022|Any CPU.ActiveCfg = Release|Any CPU
		{D16BC853-E751-4D8B-A670-58220ADD6856}.D2022|Any CPU.Build.0 = Release|Any CPU
		{D16BC853-E751-4D8B-A670-58220ADD6856}.D2022|x64.ActiveCfg = D2022|Any CPU
		{D16BC853-E751-4D8B-A670-58220ADD6856}.D2022|x64.Build.0 = D2022|Any CPU
		{D16BC853-E751-4D8B-A670-58220ADD6856}.D2022|x86.ActiveCfg = D2022|Any CPU
		{D16BC853-E751-4D8B-A670-58220ADD6856}.D2022|x86.Build.0 = D2022|Any CPU
		{D16BC853-E751-4D8B-A670-58220ADD6856}.D2023|Any CPU.ActiveCfg = Release|Any CPU
		{D16BC853-E751-4D8B-A670-58220ADD6856}.D2023|Any CPU.Build.0 = Release|Any CPU
		{D16BC853-E751-4D8B-A670-58220ADD6856}.D2023|x64.ActiveCfg = D2023|Any CPU
		{D16BC853-E751-4D8B-A670-58220ADD6856}.D2023|x64.Build.0 = D2023|Any CPU
		{D16BC853-E751-4D8B-A670-58220ADD6856}.D2023|x86.ActiveCfg = D2023|Any CPU
		{D16BC853-E751-4D8B-A670-58220ADD6856}.D2023|x86.Build.0 = D2023|Any CPU
		{D16BC853-E751-4D8B-A670-58220ADD6856}.D2024|Any CPU.ActiveCfg = Release|Any CPU
		{D16BC853-E751-4D8B-A670-58220ADD6856}.D2024|Any CPU.Build.0 = Release|Any CPU
		{D16BC853-E751-4D8B-A670-58220ADD6856}.D2024|x64.ActiveCfg = D2024|Any CPU
		{D16BC853-E751-4D8B-A670-58220ADD6856}.D2024|x64.Build.0 = D2024|Any CPU
		{D16BC853-E751-4D8B-A670-58220ADD6856}.D2024|x86.ActiveCfg = D2024|Any CPU
		{D16BC853-E751-4D8B-A670-58220ADD6856}.D2024|x86.Build.0 = D2024|Any CPU
		{D16BC853-E751-4D8B-A670-58220ADD6856}.D2025|Any CPU.ActiveCfg = Release|Any CPU
		{D16BC853-E751-4D8B-A670-58220ADD6856}.D2025|Any CPU.Build.0 = Release|Any CPU
		{D16BC853-E751-4D8B-A670-58220ADD6856}.D2025|x64.ActiveCfg = D2025|Any CPU
		{D16BC853-E751-4D8B-A670-58220ADD6856}.D2025|x64.Build.0 = D2025|Any CPU
		{D16BC853-E751-4D8B-A670-58220ADD6856}.D2025|x86.ActiveCfg = D2025|Any CPU
		{D16BC853-E751-4D8B-A670-58220ADD6856}.D2025|x86.Build.0 = D2025|Any CPU
		{D16BC853-E751-4D8B-A670-58220ADD6856}.D2026|Any CPU.ActiveCfg = Release|Any CPU
		{D16BC853-E751-4D8B-A670-58220ADD6856}.D2026|Any CPU.Build.0 = Release|Any CPU
		{D16BC853-E751-4D8B-A670-58220ADD6856}.D2026|x64.ActiveCfg = D2026|Any CPU
		{D16BC853-E751-4D8B-A670-58220ADD6856}.D2026|x64.Build.0 = D2026|Any CPU
		{D16BC853-E751-4D8B-A670-58220ADD6856}.D2026|x86.ActiveCfg = D2026|Any CPU
		{D16BC853-E751-4D8B-A670-58220ADD6856}.D2026|x86.Build.0 = D2026|Any CPU
		{D16BC853-E751-4D8B-A670-58220ADD6856}.Debug|Any CPU.ActiveCfg = Debug|Any CPU
		{D16BC853-E751-4D8B-A670-58220ADD6856}.Debug|Any CPU.Build.0 = Debug|Any CPU
		{D16BC853-E751-4D8B-A670-58220ADD6856}.Debug|x64.ActiveCfg = Debug|Any CPU
		{D16BC853-E751-4D8B-A670-58220ADD6856}.Debug|x64.Build.0 = Debug|Any CPU
		{D16BC853-E751-4D8B-A670-58220ADD6856}.Debug|x86.ActiveCfg = Debug|Any CPU
		{D16BC853-E751-4D8B-A670-58220ADD6856}.Debug|x86.Build.0 = Debug|Any CPU
		{D16BC853-E751-4D8B-A670-58220ADD6856}.R2024|Any CPU.ActiveCfg = Debug|Any CPU
		{D16BC853-E751-4D8B-A670-58220ADD6856}.R2024|Any CPU.Build.0 = Debug|Any CPU
		{D16BC853-E751-4D8B-A670-58220ADD6856}.R2024|x64.ActiveCfg = R2024|Any CPU
		{D16BC853-E751-4D8B-A670-58220ADD6856}.R2024|x64.Build.0 = R2024|Any CPU
		{D16BC853-E751-4D8B-A670-58220ADD6856}.R2024|x86.ActiveCfg = R2024|Any CPU
		{D16BC853-E751-4D8B-A670-58220ADD6856}.R2024|x86.Build.0 = R2024|Any CPU
		{D16BC853-E751-4D8B-A670-58220ADD6856}.R2025|Any CPU.ActiveCfg = Debug|Any CPU
		{D16BC853-E751-4D8B-A670-58220ADD6856}.R2025|Any CPU.Build.0 = Debug|Any CPU
		{D16BC853-E751-4D8B-A670-58220ADD6856}.R2025|x64.ActiveCfg = R2025|Any CPU
		{D16BC853-E751-4D8B-A670-58220ADD6856}.R2025|x64.Build.0 = R2025|Any CPU
		{D16BC853-E751-4D8B-A670-58220ADD6856}.R2025|x86.ActiveCfg = R2025|Any CPU
		{D16BC853-E751-4D8B-A670-58220ADD6856}.R2025|x86.Build.0 = R2025|Any CPU
		{D16BC853-E751-4D8B-A670-58220ADD6856}.Release|Any CPU.ActiveCfg = Release|Any CPU
		{D16BC853-E751-4D8B-A670-58220ADD6856}.Release|Any CPU.Build.0 = Release|Any CPU
		{D16BC853-E751-4D8B-A670-58220ADD6856}.Release|x64.ActiveCfg = Release|Any CPU
		{D16BC853-E751-4D8B-A670-58220ADD6856}.Release|x64.Build.0 = Release|Any CPU
		{D16BC853-E751-4D8B-A670-58220ADD6856}.Release|x86.ActiveCfg = Release|Any CPU
		{D16BC853-E751-4D8B-A670-58220ADD6856}.Release|x86.Build.0 = Release|Any CPU
		{11BEE912-7C9D-48DF-9D3E-6A532E0D251F}.D2020|Any CPU.ActiveCfg = Debug|Any CPU
		{11BEE912-7C9D-48DF-9D3E-6A532E0D251F}.D2020|Any CPU.Build.0 = Debug|Any CPU
		{11BEE912-7C9D-48DF-9D3E-6A532E0D251F}.D2020|x64.ActiveCfg = Debug|Any CPU
		{11BEE912-7C9D-48DF-9D3E-6A532E0D251F}.D2020|x64.Build.0 = Debug|Any CPU
		{11BEE912-7C9D-48DF-9D3E-6A532E0D251F}.D2020|x86.ActiveCfg = Debug|Any CPU
		{11BEE912-7C9D-48DF-9D3E-6A532E0D251F}.D2020|x86.Build.0 = Debug|Any CPU
		{11BEE912-7C9D-48DF-9D3E-6A532E0D251F}.D2021|Any CPU.ActiveCfg = Debug|Any CPU
		{11BEE912-7C9D-48DF-9D3E-6A532E0D251F}.D2021|Any CPU.Build.0 = Debug|Any CPU
		{11BEE912-7C9D-48DF-9D3E-6A532E0D251F}.D2021|x64.ActiveCfg = Debug|Any CPU
		{11BEE912-7C9D-48DF-9D3E-6A532E0D251F}.D2021|x64.Build.0 = Debug|Any CPU
		{11BEE912-7C9D-48DF-9D3E-6A532E0D251F}.D2021|x86.ActiveCfg = Debug|Any CPU
		{11BEE912-7C9D-48DF-9D3E-6A532E0D251F}.D2021|x86.Build.0 = Debug|Any CPU
		{11BEE912-7C9D-48DF-9D3E-6A532E0D251F}.D2022|Any CPU.ActiveCfg = Debug|Any CPU
		{11BEE912-7C9D-48DF-9D3E-6A532E0D251F}.D2022|Any CPU.Build.0 = Debug|Any CPU
		{11BEE912-7C9D-48DF-9D3E-6A532E0D251F}.D2022|x64.ActiveCfg = Debug|Any CPU
		{11BEE912-7C9D-48DF-9D3E-6A532E0D251F}.D2022|x64.Build.0 = Debug|Any CPU
		{11BEE912-7C9D-48DF-9D3E-6A532E0D251F}.D2022|x86.ActiveCfg = Debug|Any CPU
		{11BEE912-7C9D-48DF-9D3E-6A532E0D251F}.D2022|x86.Build.0 = Debug|Any CPU
		{11BEE912-7C9D-48DF-9D3E-6A532E0D251F}.D2023|Any CPU.ActiveCfg = Debug|Any CPU
		{11BEE912-7C9D-48DF-9D3E-6A532E0D251F}.D2023|Any CPU.Build.0 = Debug|Any CPU
		{11BEE912-7C9D-48DF-9D3E-6A532E0D251F}.D2023|x64.ActiveCfg = Debug|Any CPU
		{11BEE912-7C9D-48DF-9D3E-6A532E0D251F}.D2023|x64.Build.0 = Debug|Any CPU
		{11BEE912-7C9D-48DF-9D3E-6A532E0D251F}.D2023|x86.ActiveCfg = Debug|Any CPU
		{11BEE912-7C9D-48DF-9D3E-6A532E0D251F}.D2023|x86.Build.0 = Debug|Any CPU
		{11BEE912-7C9D-48DF-9D3E-6A532E0D251F}.D2024|Any CPU.ActiveCfg = Debug|Any CPU
		{11BEE912-7C9D-48DF-9D3E-6A532E0D251F}.D2024|Any CPU.Build.0 = Debug|Any CPU
		{11BEE912-7C9D-48DF-9D3E-6A532E0D251F}.D2024|x64.ActiveCfg = Debug|Any CPU
		{11BEE912-7C9D-48DF-9D3E-6A532E0D251F}.D2024|x64.Build.0 = Debug|Any CPU
		{11BEE912-7C9D-48DF-9D3E-6A532E0D251F}.D2024|x86.ActiveCfg = Debug|Any CPU
		{11BEE912-7C9D-48DF-9D3E-6A532E0D251F}.D2024|x86.Build.0 = Debug|Any CPU
		{11BEE912-7C9D-48DF-9D3E-6A532E0D251F}.D2025|Any CPU.ActiveCfg = Debug|Any CPU
		{11BEE912-7C9D-48DF-9D3E-6A532E0D251F}.D2025|Any CPU.Build.0 = Debug|Any CPU
		{11BEE912-7C9D-48DF-9D3E-6A532E0D251F}.D2025|x64.ActiveCfg = Debug|Any CPU
		{11BEE912-7C9D-48DF-9D3E-6A532E0D251F}.D2025|x64.Build.0 = Debug|Any CPU
		{11BEE912-7C9D-48DF-9D3E-6A532E0D251F}.D2025|x86.ActiveCfg = Debug|Any CPU
		{11BEE912-7C9D-48DF-9D3E-6A532E0D251F}.D2025|x86.Build.0 = Debug|Any CPU
		{11BEE912-7C9D-48DF-9D3E-6A532E0D251F}.D2026|Any CPU.ActiveCfg = Debug|Any CPU
		{11BEE912-7C9D-48DF-9D3E-6A532E0D251F}.D2026|Any CPU.Build.0 = Debug|Any CPU
		{11BEE912-7C9D-48DF-9D3E-6A532E0D251F}.D2026|x64.ActiveCfg = Debug|Any CPU
		{11BEE912-7C9D-48DF-9D3E-6A532E0D251F}.D2026|x64.Build.0 = Debug|Any CPU
		{11BEE912-7C9D-48DF-9D3E-6A532E0D251F}.D2026|x86.ActiveCfg = Debug|Any CPU
		{11BEE912-7C9D-48DF-9D3E-6A532E0D251F}.D2026|x86.Build.0 = Debug|Any CPU
		{11BEE912-7C9D-48DF-9D3E-6A532E0D251F}.Debug|Any CPU.ActiveCfg = Debug|Any CPU
		{11BEE912-7C9D-48DF-9D3E-6A532E0D251F}.Debug|Any CPU.Build.0 = Debug|Any CPU
		{11BEE912-7C9D-48DF-9D3E-6A532E0D251F}.Debug|x64.ActiveCfg = Debug|Any CPU
		{11BEE912-7C9D-48DF-9D3E-6A532E0D251F}.Debug|x64.Build.0 = Debug|Any CPU
		{11BEE912-7C9D-48DF-9D3E-6A532E0D251F}.Debug|x86.ActiveCfg = Debug|Any CPU
		{11BEE912-7C9D-48DF-9D3E-6A532E0D251F}.Debug|x86.Build.0 = Debug|Any CPU
		{11BEE912-7C9D-48DF-9D3E-6A532E0D251F}.R2024|Any CPU.ActiveCfg = Debug|Any CPU
		{11BEE912-7C9D-48DF-9D3E-6A532E0D251F}.R2024|Any CPU.Build.0 = Debug|Any CPU
		{11BEE912-7C9D-48DF-9D3E-6A532E0D251F}.R2024|x64.ActiveCfg = Debug|Any CPU
		{11BEE912-7C9D-48DF-9D3E-6A532E0D251F}.R2024|x64.Build.0 = Debug|Any CPU
		{11BEE912-7C9D-48DF-9D3E-6A532E0D251F}.R2024|x86.ActiveCfg = Debug|Any CPU
		{11BEE912-7C9D-48DF-9D3E-6A532E0D251F}.R2024|x86.Build.0 = Debug|Any CPU
		{11BEE912-7C9D-48DF-9D3E-6A532E0D251F}.R2025|Any CPU.ActiveCfg = Debug|Any CPU
		{11BEE912-7C9D-48DF-9D3E-6A532E0D251F}.R2025|Any CPU.Build.0 = Debug|Any CPU
		{11BEE912-7C9D-48DF-9D3E-6A532E0D251F}.R2025|x64.ActiveCfg = Debug|Any CPU
		{11BEE912-7C9D-48DF-9D3E-6A532E0D251F}.R2025|x64.Build.0 = Debug|Any CPU
		{11BEE912-7C9D-48DF-9D3E-6A532E0D251F}.R2025|x86.ActiveCfg = Debug|Any CPU
		{11BEE912-7C9D-48DF-9D3E-6A532E0D251F}.R2025|x86.Build.0 = Debug|Any CPU
		{11BEE912-7C9D-48DF-9D3E-6A532E0D251F}.Release|Any CPU.ActiveCfg = Release|Any CPU
		{11BEE912-7C9D-48DF-9D3E-6A532E0D251F}.Release|Any CPU.Build.0 = Release|Any CPU
		{11BEE912-7C9D-48DF-9D3E-6A532E0D251F}.Release|x64.ActiveCfg = Release|Any CPU
		{11BEE912-7C9D-48DF-9D3E-6A532E0D251F}.Release|x64.Build.0 = Release|Any CPU
		{11BEE912-7C9D-48DF-9D3E-6A532E0D251F}.Release|x86.ActiveCfg = Release|Any CPU
		{11BEE912-7C9D-48DF-9D3E-6A532E0D251F}.Release|x86.Build.0 = Release|Any CPU
	EndGlobalSection
	GlobalSection(SolutionProperties) = preSolution
		HideSolutionNode = FALSE
	EndGlobalSection
	GlobalSection(ExtensibilityGlobals) = postSolution
		SolutionGuid = {48145FA5-D151-4746-B7E7-19C0427EFDF8}
	EndGlobalSection
EndGlobal
